{
  "nodes": {
    "base16-schemes": {
      "flake": false,
      "locked": {
        "lastModified": 1665690101,
        "narHash": "sha256-J2ZvNaVFkqaTXzYO5L+jyRORfIOavFPKvWItP6UTMKs=",
        "owner": "tinted-theming",
        "repo": "base16-schemes",
        "rev": "a3dc916cf90471a422c0bfe1bb4b1bdd12185ced",
        "type": "github"
      },
      "original": {
        "owner": "tinted-theming",
        "repo": "base16-schemes",
        "type": "github"
      }
    },
    "home-manager": {
      "inputs": {
        "nixpkgs": [
          "nixpkgs"
        ],
        "utils": "utils"
      },
      "locked": {
        "lastModified": 1670253003,
        "narHash": "sha256-/tJIy4+FbsQyslq1ipyicZ2psOEd8dvl4OJ9lfisjd0=",
        "owner": "nix-community",
        "repo": "home-manager",
        "rev": "0e8125916b420e41bf0d23a0aa33fadd0328beb3",
        "type": "github"
      },
      "original": {
        "owner": "nix-community",
        "ref": "release-22.11",
        "repo": "home-manager",
        "type": "github"
      }
    },
    "nix-colors": {
      "inputs": {
        "base16-schemes": "base16-schemes",
        "nixpkgs-lib": "nixpkgs-lib"
      },
      "locked": {
        "lastModified": 1670210028,
        "narHash": "sha256-2VpxobYICB+l6n963nR37r0ongTtvHfHQvsPGgMWDmw=",
        "owner": "misterio77",
        "repo": "nix-colors",
        "rev": "fcd345bd1c9e7c203c3320ee6ca39814c97ac1fe",
        "type": "github"
      },
      "original": {
        "owner": "misterio77",
        "repo": "nix-colors",
        "type": "github"
      }
    },
    "nixos-hardware": {
      "locked": {
        "lastModified": 1671631481,
        "narHash": "sha256-LP6NvQQNKdqDpXngECo6oCiWfYRb0KPGM5+D5lu7mPw=",
        "owner": "NixOS",
        "repo": "nixos-hardware",
        "rev": "9577ab1eaf01a738b015a7a7ab2a4616e158b6cd",
        "type": "github"
      },
      "original": {
        "owner": "NixOS",
        "repo": "nixos-hardware",
        "type": "github"
      }
    },
    "nixpkgs": {
      "locked": {
        "lastModified": 1671883564,
        "narHash": "sha256-C15oAtyupmLB3coZY7qzEHXjhtUx/+77olVdqVMruAg=",
        "owner": "NixOS",
        "repo": "nixpkgs",
        "rev": "dac57a4eccf1442e8bf4030df6fcbb55883cb682",
        "type": "github"
      },
      "original": {
        "owner": "NixOS",
        "ref": "nixos-22.11",
        "repo": "nixpkgs",
        "type": "github"
      }
    },
    "nixpkgs-lib": {
      "locked": {
        "lastModified": 1655599917,
        "narHash": "sha256-kjZbt5WdTrnjMxL79okg9TCoRUdADG50x/TWozbyTsE=",
        "owner": "nix-community",
        "repo": "nixpkgs.lib",
        "rev": "5fb55578aa2f1a502d636a8ac71aece57cb730bb",
        "type": "github"
      },
      "original": {
        "owner": "nix-community",
        "repo": "nixpkgs.lib",
        "type": "github"
      }
    },
    "nixpkgs-unstable": {
      "locked": {
        "lastModified": 1671983799,
        "narHash": "sha256-Z2Ro6hFPZHkBqkVXY5/aBUzxi5xizQGvuHQ9+T5B/ks=",
        "owner": "NixOS",
        "repo": "nixpkgs",
        "rev": "fad51abd42ca17a60fc1d4cb9382e2d79ae31836",
        "type": "github"
      },
      "original": {
        "owner": "NixOS",
        "ref": "nixos-unstable",
        "repo": "nixpkgs",
        "type": "github"
      }
    },
    "root": {
      "inputs": {
        "home-manager": "home-manager",
        "nix-colors": "nix-colors",
        "nixos-hardware": "nixos-hardware",
        "nixpkgs": "nixpkgs",
        "nixpkgs-unstable": "nixpkgs-unstable"
      }
    },
    "utils": {
      "locked": {
        "lastModified": 1667395993,
        "narHash": "sha256-nuEHfE/LcWyuSWnS8t12N1wc105Qtau+/OdUAjtQ0rA=",
        "owner": "numtide",
        "repo": "flake-utils",
        "rev": "5aed5285a952e0b949eb3ba02c12fa4fcfef535f",
        "type": "github"
      },
      "original": {
        "owner": "numtide",
        "repo": "flake-utils",
        "type": "github"
      }
    }
  },
  "root": "root",
  "version": 7
}
