{
  "nodes": {
    "home-manager": {
      "inputs": {
        "nixpkgs": [
          "nixpkgs"
        ]
      },
      "locked": {
        "lastModified": 1648751435,
        "narHash": "sha256-aeABI4LiLG9LygmvUaYKOnOo6lBsJvOhKD+iUkSjZ0U=",
        "owner": "nix-community",
        "repo": "home-manager",
        "rev": "ef6b316265c06bdce1771f5d23164c3bf4bd779c",
        "type": "github"
      },
      "original": {
        "owner": "nix-community",
        "ref": "release-21.11",
        "repo": "home-manager",
        "type": "github"
      }
    },
    "nix-colors": {
      "locked": {
        "lastModified": 1652385706,
        "narHash": "sha256-E3V0UoQnyvny084aMEmPqbyO0rLm3QslJI9C2TQXoik=",
        "owner": "misterio77",
        "repo": "nix-colors",
        "rev": "fe9fd38b9ddc81afe5d45be6d286472de3f89f03",
        "type": "github"
      },
      "original": {
        "owner": "misterio77",
        "repo": "nix-colors",
        "type": "github"
      }
    },
    "nixpkgs": {
      "locked": {
        "lastModified": 1648648646,
        "narHash": "sha256-pHAq/GvsP7zRHkUTCs+4d31C0IEtTIuC6/TFASIA+zg=",
        "owner": "nixos",
        "repo": "nixpkgs",
        "rev": "efea022d6fe0da84aa6613d4ddeafb80de713457",
        "type": "github"
      },
      "original": {
        "owner": "nixos",
        "ref": "nixos-21.11",
        "repo": "nixpkgs",
        "type": "github"
      }
    },
    "nixpkgs-unstable": {
      "locked": {
        "lastModified": 1648632716,
        "narHash": "sha256-kCmnDeiaMsdhfnNKjxdOzwRh2H6eQb8yWAL+nNabC/Y=",
        "owner": "nixos",
        "repo": "nixpkgs",
        "rev": "710fed5a2483f945b14f4a58af2cd3676b42d8c8",
        "type": "github"
      },
      "original": {
        "owner": "nixos",
        "ref": "nixos-unstable",
        "repo": "nixpkgs",
        "type": "github"
      }
    },
    "root": {
      "inputs": {
        "home-manager": "home-manager",
        "nix-colors": "nix-colors",
        "nixpkgs": "nixpkgs",
        "nixpkgs-unstable": "nixpkgs-unstable"
      }
    }
  },
  "root": "root",
  "version": 7
}
